
Microsoft Visual Studio Solution File, Format Version 12.00
Project("{FAE04EC0-301F-11D3-BF4B-00C04F79EFBC}") = "DispatchGame", "DispatchGame\DispatchGame.csproj", "{245F2700-945B-4048-8737-A025EC58487A}"
EndProject
Global
	GlobalSection(SolutionConfigurationPlatforms) = preSolution
		Debug|Any CPU = Debug|Any CPU
		Release|Any CPU = Release|Any CPU
	EndGlobalSection
	GlobalSection(ProjectConfigurationPlatforms) = postSolution
		{245F2700-945B-4048-8737-A025EC58487A}.Debug|Any CPU.ActiveCfg = Debug|Any CPU
		{245F2700-945B-4048-8737-A025EC58487A}.Debug|Any CPU.Build.0 = Debug|Any CPU
		{245F2700-945B-4048-8737-A025EC58487A}.Release|Any CPU.ActiveCfg = Release|Any CPU
		{245F2700-945B-4048-8737-A025EC58487A}.Release|Any CPU.Build.0 = Release|Any CPU
	EndGlobalSection
EndGlobal
